dependencies:
- name: solr
  repository: https://charts.bitnami.com/bitnami
  version: 2.0.6
- name: postgresql
  repository: https://charts.bitnami.com/bitnami
  version: 9.1.4
digest: sha256:54ff005558f2ff432ce2d2d76088b9c259a6d63909bbce09a7053855bfc054ee
generated: "2021-09-27T17:11:44.891441275+04:00"
